
Microsoft Visual Studio Solution File, Format Version 12.00
# Visual Studio Version 16
VisualStudioVersion = 16.0.31129.286
MinimumVisualStudioVersion = 10.0.40219.1
Project("{FAE04EC0-301F-11D3-BF4B-00C04F79EFBC}") = "7-array", "7-array\7-array.csproj", "{3F5DCDC1-A4DA-4CD9-8D75-A9718270350C}"
EndProject
Global
	GlobalSection(SolutionConfigurationPlatforms) = preSolution
		Debug|Any CPU = Debug|Any CPU
		Release|Any CPU = Release|Any CPU
	EndGlobalSection
	GlobalSection(ProjectConfigurationPlatforms) = postSolution
		{3F5DCDC1-A4DA-4CD9-8D75-A9718270350C}.Debug|Any CPU.ActiveCfg = Debug|Any CPU
		{3F5DCDC1-A4DA-4CD9-8D75-A9718270350C}.Debug|Any CPU.Build.0 = Debug|Any CPU
		{3F5DCDC1-A4DA-4CD9-8D75-A9718270350C}.Release|Any CPU.ActiveCfg = Release|Any CPU
		{3F5DCDC1-A4DA-4CD9-8D75-A9718270350C}.Release|Any CPU.Build.0 = Release|Any CPU
	EndGlobalSection
	GlobalSection(SolutionProperties) = preSolution
		HideSolutionNode = FALSE
	EndGlobalSection
	GlobalSection(ExtensibilityGlobals) = postSolution
		SolutionGuid = {218FB1FB-784A-45BF-982E-93E9B9590387}
	EndGlobalSection
EndGlobal
