
Microsoft Visual Studio Solution File, Format Version 12.00
# Visual Studio Version 16
VisualStudioVersion = 16.0.31129.286
MinimumVisualStudioVersion = 10.0.40219.1
Project("{FAE04EC0-301F-11D3-BF4B-00C04F79EFBC}") = "age", "age\age.csproj", "{993F217E-961D-4B06-BA0E-72CB25F4FC6B}"
EndProject
Global
	GlobalSection(SolutionConfigurationPlatforms) = preSolution
		Debug|Any CPU = Debug|Any CPU
		Release|Any CPU = Release|Any CPU
	EndGlobalSection
	GlobalSection(ProjectConfigurationPlatforms) = postSolution
		{993F217E-961D-4B06-BA0E-72CB25F4FC6B}.Debug|Any CPU.ActiveCfg = Debug|Any CPU
		{993F217E-961D-4B06-BA0E-72CB25F4FC6B}.Debug|Any CPU.Build.0 = Debug|Any CPU
		{993F217E-961D-4B06-BA0E-72CB25F4FC6B}.Release|Any CPU.ActiveCfg = Release|Any CPU
		{993F217E-961D-4B06-BA0E-72CB25F4FC6B}.Release|Any CPU.Build.0 = Release|Any CPU
	EndGlobalSection
	GlobalSection(SolutionProperties) = preSolution
		HideSolutionNode = FALSE
	EndGlobalSection
	GlobalSection(ExtensibilityGlobals) = postSolution
		SolutionGuid = {F227F25C-6142-414D-8082-2E6B0E222D65}
	EndGlobalSection
EndGlobal
